{
  "name": "u08-business-idea-dreamteam",
  "lockfileVersion": 2,
  "requires": true,
  "packages": {
    "": {
      "name": "u08-business-idea-dreamteam",
      "dependencies": {
        "googlemaps": "^0.1.5"
      }
    },
    "node_modules/googlemaps": {
      "version": "0.1.5",
      "resolved": "https://registry.npmjs.org/googlemaps/-/googlemaps-0.1.5.tgz",
      "integrity": "sha512-eLBRWjNm31d8XIpqzztGBQnXHaWPtLuDYo0DCksz5i+Lb5FuPj/QuwtBcUN7i/7iVU5S0PqCr2ltWOczbWFNYw==",
      "engines": {
        "node": ">=0.3.6"
      }
    }
  },
  "dependencies": {
    "googlemaps": {
      "version": "0.1.5",
      "resolved": "https://registry.npmjs.org/googlemaps/-/googlemaps-0.1.5.tgz",
      "integrity": "sha512-eLBRWjNm31d8XIpqzztGBQnXHaWPtLuDYo0DCksz5i+Lb5FuPj/QuwtBcUN7i/7iVU5S0PqCr2ltWOczbWFNYw=="
    }
  }
}
